{
	"requires": true,
	"lockfileVersion": 1,
	"dependencies": {
		"lodash": {
			"version": "4.17.11",
			"resolved": "https://registry.npmjs.org/lodash/-/lodash-4.17.11.tgz",
			"integrity": "sha512-cQKh8igo5QUhZ7lg38DYWAxMvjSAKG0A8wGSVimP07SIUEK2UO+arSRKbRZWtelMtN5V0Hkwh5ryOto/SshYIg=="
		},
		"mydatepicker": {
			"version": "2.6.6",
			"resolved": "https://registry.npmjs.org/mydatepicker/-/mydatepicker-2.6.6.tgz",
			"integrity": "sha512-+rxmKtIDU18zgqksroeIkp6FXFHiHPx+rz0PBqoIZqyYDDK9xrCW9hnQi7yErtcukPRrWl4NCLF5LDp60YTCPA=="
		},
		"ng2-completer": {
			"version": "2.0.8",
			"resolved": "https://registry.npmjs.org/ng2-completer/-/ng2-completer-2.0.8.tgz",
			"integrity": "sha512-WzxJ4u3vAHsfBUaFCloEBoirPZrnDabtWEKyDok7dtjhS1ZvcbwQ4asdXuDO0hZ0T1QC66U/PwLhKfkG501hVg=="
		},
		"ng2-dragula": {
			"version": "2.1.1",
			"resolved": "https://registry.npmjs.org/ng2-dragula/-/ng2-dragula-2.1.1.tgz",
			"integrity": "sha512-PSo6N2Ja894KDogVLLBI0Hzpylikay7L1hWqp+qQmW+qsNsNT9J/6J2Qim9XwGzK4VQZjAwBJaJjgJ/TijRkLQ==",
			"requires": {
				"@types/dragula": "2.1.34",
				"dragula": "3.7.2"
			},
			"dependencies": {
				"@types/dragula": {
					"version": "2.1.34",
					"resolved": "https://registry.npmjs.org/@types/dragula/-/dragula-2.1.34.tgz",
					"integrity": "sha512-tZbauiqJgEpKKtBQI8pQ24FrkDNGhiXCFsygqQPeAJTPJJC1RI0BOmHv7VHI9qDehhXXffq9aJEUhqEQyY/PVA=="
				},
				"atoa": {
					"version": "1.0.0",
					"resolved": "https://registry.npmjs.org/atoa/-/atoa-1.0.0.tgz",
					"integrity": "sha1-DMDpGkgOc4+SPrwQNnZHF3mzSkk="
				},
				"contra": {
					"version": "1.9.4",
					"resolved": "https://registry.npmjs.org/contra/-/contra-1.9.4.tgz",
					"integrity": "sha1-9TveQtfltZhcrk2ZqNYQUm3o8o0=",
					"requires": {
						"atoa": "1.0.0",
						"ticky": "1.0.1"
					}
				},
				"crossvent": {
					"version": "1.5.4",
					"resolved": "https://registry.npmjs.org/crossvent/-/crossvent-1.5.4.tgz",
					"integrity": "sha1-2ixPj0DJR4JRe/K+7BBEFIGUq5I=",
					"requires": {
						"custom-event": "1.0.0"
					}
				},
				"custom-event": {
					"version": "1.0.0",
					"resolved": "https://registry.npmjs.org/custom-event/-/custom-event-1.0.0.tgz",
					"integrity": "sha1-LkYovhncSyFLXAJjDFlx6BFhgGI="
				},
				"dragula": {
					"version": "3.7.2",
					"resolved": "https://registry.npmjs.org/dragula/-/dragula-3.7.2.tgz",
					"integrity": "sha1-SjXJ05gf+sGpScKcpyhQWOhzk84=",
					"requires": {
						"contra": "1.9.4",
						"crossvent": "1.5.4"
					}
				},
				"ticky": {
					"version": "1.0.1",
					"resolved": "https://registry.npmjs.org/ticky/-/ticky-1.0.1.tgz",
					"integrity": "sha1-t8+nHnaPHJAAxJe5FRswlHxQ5G0="
				}
			}
		},
		"ng2-truncate": {
			"version": "1.3.17",
			"resolved": "https://registry.npmjs.org/ng2-truncate/-/ng2-truncate-1.3.17.tgz",
			"integrity": "sha512-VnydH87YQdT+voMTZEPhWsaMXmkqHJzW7xZZDfmpy0ERcskhZQINELwolCxShye2x8nsZyiv73XC2xFlsL1USw=="
		},
		"ngx-bootstrap": {
			"version": "3.1.1",
			"resolved": "https://registry.npmjs.org/ngx-bootstrap/-/ngx-bootstrap-3.1.1.tgz",
			"integrity": "sha512-LY9ZnzkTA67MOUcQoA3i6JM4TGPCDUnjUMZctSesic0E9617bPrKDnb2VPOEU4VFTXWMhu6xbPcXsvLrc6m/lg=="
		},
		"ngx-modal": {
			"version": "0.0.29",
			"resolved": "https://registry.npmjs.org/ngx-modal/-/ngx-modal-0.0.29.tgz",
			"integrity": "sha1-aYqiUqeTI6DKR61N3umU1iCubxU="
		}
	}
}
